Microsoft Visual Studio Solution File, Format Version 12.00
# Visual Studio Version 17
VisualStudioVersion = 17.5.2.0
MinimumVisualStudioVersion = 10.0.40219.1
Project("{2150E333-8FDC-42A3-9474-1A3956D46DE8}") = "src", "src", "{827E0CD3-B72D-47B6-A68D-7590B98EB39B}"
EndProject
Project("{2150E333-8FDC-42A3-9474-1A3956D46DE8}") = "microservices", "microservices", "{B45C9767-1103-6FBC-A12D-A41ACF5CD2F9}"
EndProject
Project("{2150E333-8FDC-42A3-9474-1A3956D46DE8}") = "proxy", "proxy", "{86E7FAEB-9DD3-B266-F3EC-7C31D240B93C}"
EndProject
Project("{FAE04EC0-301F-11D3-BF4B-00C04F79EFBC}") = "ProxySevice", "src\microservices\proxy\ProxySevice.csproj", "{B6BC6FC5-FF01-2E54-7A77-A7F50BDF97DD}"
EndProject
Global
	GlobalSection(SolutionConfigurationPlatforms) = preSolution
		Debug|Any CPU = Debug|Any CPU
		Release|Any CPU = Release|Any CPU
	EndGlobalSection
	GlobalSection(ProjectConfigurationPlatforms) = postSolution
		{B6BC6FC5-FF01-2E54-7A77-A7F50BDF97DD}.Debug|Any CPU.ActiveCfg = Debug|Any CPU
		{B6BC6FC5-FF01-2E54-7A77-A7F50BDF97DD}.Debug|Any CPU.Build.0 = Debug|Any CPU
		{B6BC6FC5-FF01-2E54-7A77-A7F50BDF97DD}.Release|Any CPU.ActiveCfg = Release|Any CPU
		{B6BC6FC5-FF01-2E54-7A77-A7F50BDF97DD}.Release|Any CPU.Build.0 = Release|Any CPU
	EndGlobalSection
	GlobalSection(SolutionProperties) = preSolution
		HideSolutionNode = FALSE
	EndGlobalSection
	GlobalSection(NestedProjects) = preSolution
		{B45C9767-1103-6FBC-A12D-A41ACF5CD2F9} = {827E0CD3-B72D-47B6-A68D-7590B98EB39B}
		{86E7FAEB-9DD3-B266-F3EC-7C31D240B93C} = {B45C9767-1103-6FBC-A12D-A41ACF5CD2F9}
		{B6BC6FC5-FF01-2E54-7A77-A7F50BDF97DD} = {86E7FAEB-9DD3-B266-F3EC-7C31D240B93C}
	EndGlobalSection
	GlobalSection(ExtensibilityGlobals) = postSolution
		SolutionGuid = {9C565C2D-E7FB-4CDD-82CC-9F0EEDECB1C3}
	EndGlobalSection
EndGlobal
